
Microsoft Visual Studio Solution File, Format Version 12.00
# Visual Studio Version 17
VisualStudioVersion = 17.11.35219.272
MinimumVisualStudioVersion = 10.0.40219.1
Project("{FAE04EC0-301F-11D3-BF4B-00C04F79EFBC}") = "Uppgift_3_2__", "Uppgift_3_2__\Uppgift_3_2__.csproj", "{7ECC9F1C-03CC-43B6-BAC0-0FA1A97E9529}"
EndProject
Global
	GlobalSection(SolutionConfigurationPlatforms) = preSolution
		Debug|Any CPU = Debug|Any CPU
		Release|Any CPU = Release|Any CPU
	EndGlobalSection
	GlobalSection(ProjectConfigurationPlatforms) = postSolution
		{7ECC9F1C-03CC-43B6-BAC0-0FA1A97E9529}.Debug|Any CPU.ActiveCfg = Debug|Any CPU
		{7ECC9F1C-03CC-43B6-BAC0-0FA1A97E9529}.Debug|Any CPU.Build.0 = Debug|Any CPU
		{7ECC9F1C-03CC-43B6-BAC0-0FA1A97E9529}.Release|Any CPU.ActiveCfg = Release|Any CPU
		{7ECC9F1C-03CC-43B6-BAC0-0FA1A97E9529}.Release|Any CPU.Build.0 = Release|Any CPU
	EndGlobalSection
	GlobalSection(SolutionProperties) = preSolution
		HideSolutionNode = FALSE
	EndGlobalSection
	GlobalSection(ExtensibilityGlobals) = postSolution
		SolutionGuid = {B3427EE1-47F7-4352-8756-462D5D88F501}
	EndGlobalSection
EndGlobal
